
Microsoft Visual Studio Solution File, Format Version 12.00
# Visual Studio 14
VisualStudioVersion = 14.0.25420.1
MinimumVisualStudioVersion = 10.0.40219.1
Project("{FAE04EC0-301F-11D3-BF4B-00C04F79EFBC}") = "FactoryBarcode", "FactoryBarcode\FactoryBarcode.csproj", "{B4FCC4C2-7E91-4F3E-B330-4AE8C61C5509}"
EndProject
Project("{FAE04EC0-301F-11D3-BF4B-00C04F79EFBC}") = "Util", "Util\Util.csproj", "{CD07920D-0027-479B-B5E1-F241B5F65678}"
EndProject
Project("{FAE04EC0-301F-11D3-BF4B-00C04F79EFBC}") = "Common", "..\EggChat\Common\Common.csproj", "{701BCB42-1F4B-432E-8747-AB9BF1DCABBD}"
EndProject
Project("{FAE04EC0-301F-11D3-BF4B-00C04F79EFBC}") = "PublicStruct.cs", "..\EggChat\PublicStruct.cs\PublicStruct.cs.csproj", "{09BAF844-A70A-4224-A887-610A4482D000}"
EndProject
Project("{FAE04EC0-301F-11D3-BF4B-00C04F79EFBC}") = "Html5BarCodeIOS", "Html5BarCodeIOS\Html5BarCodeIOS.csproj", "{EA9E919A-5DF2-4466-851C-A5FC01EC6989}"
EndProject
Global
	GlobalSection(SolutionConfigurationPlatforms) = preSolution
		Ad-Hoc|Any CPU = Ad-Hoc|Any CPU
		Ad-Hoc|iPhone = Ad-Hoc|iPhone
		Ad-Hoc|iPhoneSimulator = Ad-Hoc|iPhoneSimulator
		AppStore|Any CPU = AppStore|Any CPU
		AppStore|iPhone = AppStore|iPhone
		AppStore|iPhoneSimulator = AppStore|iPhoneSimulator
		Debug|Any CPU = Debug|Any CPU
		Debug|iPhone = Debug|iPhone
		Debug|iPhoneSimulator = Debug|iPhoneSimulator
		Release|Any CPU = Release|Any CPU
		Release|iPhone = Release|iPhone
		Release|iPhoneSimulator = Release|iPhoneSimulator
	EndGlobalSection
	GlobalSection(ProjectConfigurationPlatforms) = postSolution
		{B4FCC4C2-7E91-4F3E-B330-4AE8C61C5509}.Ad-Hoc|Any CPU.ActiveCfg = Release|Any CPU
		{B4FCC4C2-7E91-4F3E-B330-4AE8C61C5509}.Ad-Hoc|Any CPU.Build.0 = Release|Any CPU
		{B4FCC4C2-7E91-4F3E-B330-4AE8C61C5509}.Ad-Hoc|Any CPU.Deploy.0 = Release|Any CPU
		{B4FCC4C2-7E91-4F3E-B330-4AE8C61C5509}.Ad-Hoc|iPhone.ActiveCfg = Release|Any CPU
		{B4FCC4C2-7E91-4F3E-B330-4AE8C61C5509}.Ad-Hoc|iPhone.Build.0 = Release|Any CPU
		{B4FCC4C2-7E91-4F3E-B330-4AE8C61C5509}.Ad-Hoc|iPhone.Deploy.0 = Release|Any CPU
		{B4FCC4C2-7E91-4F3E-B330-4AE8C61C5509}.Ad-Hoc|iPhoneSimulator.ActiveCfg = Release|Any CPU
		{B4FCC4C2-7E91-4F3E-B330-4AE8C61C5509}.Ad-Hoc|iPhoneSimulator.Build.0 = Release|Any CPU
		{B4FCC4C2-7E91-4F3E-B330-4AE8C61C5509}.Ad-Hoc|iPhoneSimulator.Deploy.0 = Release|Any CPU
		{B4FCC4C2-7E91-4F3E-B330-4AE8C61C5509}.AppStore|Any CPU.ActiveCfg = Release|Any CPU
		{B4FCC4C2-7E91-4F3E-B330-4AE8C61C5509}.AppStore|Any CPU.Build.0 = Release|Any CPU
		{B4FCC4C2-7E91-4F3E-B330-4AE8C61C5509}.AppStore|Any CPU.Deploy.0 = Release|Any CPU
		{B4FCC4C2-7E91-4F3E-B330-4AE8C61C5509}.AppStore|iPhone.ActiveCfg = Release|Any CPU
		{B4FCC4C2-7E91-4F3E-B330-4AE8C61C5509}.AppStore|iPhone.Build.0 = Release|Any CPU
		{B4FCC4C2-7E91-4F3E-B330-4AE8C61C5509}.AppStore|iPhone.Deploy.0 = Release|Any CPU
		{B4FCC4C2-7E91-4F3E-B330-4AE8C61C5509}.AppStore|iPhoneSimulator.ActiveCfg = Release|Any CPU
		{B4FCC4C2-7E91-4F3E-B330-4AE8C61C5509}.AppStore|iPhoneSimulator.Build.0 = Release|Any CPU
		{B4FCC4C2-7E91-4F3E-B330-4AE8C61C5509}.AppStore|iPhoneSimulator.Deploy.0 = Release|Any CPU
		{B4FCC4C2-7E91-4F3E-B330-4AE8C61C5509}.Debug|Any CPU.ActiveCfg = Debug|Any CPU
		{B4FCC4C2-7E91-4F3E-B330-4AE8C61C5509}.Debug|Any CPU.Build.0 = Debug|Any CPU
		{B4FCC4C2-7E91-4F3E-B330-4AE8C61C5509}.Debug|Any CPU.Deploy.0 = Debug|Any CPU
		{B4FCC4C2-7E91-4F3E-B330-4AE8C61C5509}.Debug|iPhone.ActiveCfg = Debug|Any CPU
		{B4FCC4C2-7E91-4F3E-B330-4AE8C61C5509}.Debug|iPhone.Build.0 = Debug|Any CPU
		{B4FCC4C2-7E91-4F3E-B330-4AE8C61C5509}.Debug|iPhone.Deploy.0 = Debug|Any CPU
		{B4FCC4C2-7E91-4F3E-B330-4AE8C61C5509}.Debug|iPhoneSimulator.ActiveCfg = Debug|Any CPU
		{B4FCC4C2-7E91-4F3E-B330-4AE8C61C5509}.Debug|iPhoneSimulator.Build.0 = Debug|Any CPU
		{B4FCC4C2-7E91-4F3E-B330-4AE8C61C5509}.Debug|iPhoneSimulator.Deploy.0 = Debug|Any CPU
		{B4FCC4C2-7E91-4F3E-B330-4AE8C61C5509}.Release|Any CPU.ActiveCfg = Release|Any CPU
		{B4FCC4C2-7E91-4F3E-B330-4AE8C61C5509}.Release|Any CPU.Build.0 = Release|Any CPU
		{B4FCC4C2-7E91-4F3E-B330-4AE8C61C5509}.Release|Any CPU.Deploy.0 = Release|Any CPU
		{B4FCC4C2-7E91-4F3E-B330-4AE8C61C5509}.Release|iPhone.ActiveCfg = Release|Any CPU
		{B4FCC4C2-7E91-4F3E-B330-4AE8C61C5509}.Release|iPhone.Build.0 = Release|Any CPU
		{B4FCC4C2-7E91-4F3E-B330-4AE8C61C5509}.Release|iPhone.Deploy.0 = Release|Any CPU
		{B4FCC4C2-7E91-4F3E-B330-4AE8C61C5509}.Release|iPhoneSimulator.ActiveCfg = Release|Any CPU
		{B4FCC4C2-7E91-4F3E-B330-4AE8C61C5509}.Release|iPhoneSimulator.Build.0 = Release|Any CPU
		{B4FCC4C2-7E91-4F3E-B330-4AE8C61C5509}.Release|iPhoneSimulator.Deploy.0 = Release|Any CPU
		{CD07920D-0027-479B-B5E1-F241B5F65678}.Ad-Hoc|Any CPU.ActiveCfg = Release|Any CPU
		{CD07920D-0027-479B-B5E1-F241B5F65678}.Ad-Hoc|Any CPU.Build.0 = Release|Any CPU
		{CD07920D-0027-479B-B5E1-F241B5F65678}.Ad-Hoc|iPhone.ActiveCfg = Release|Any CPU
		{CD07920D-0027-479B-B5E1-F241B5F65678}.Ad-Hoc|iPhone.Build.0 = Release|Any CPU
		{CD07920D-0027-479B-B5E1-F241B5F65678}.Ad-Hoc|iPhoneSimulator.ActiveCfg = Release|Any CPU
		{CD07920D-0027-479B-B5E1-F241B5F65678}.Ad-Hoc|iPhoneSimulator.Build.0 = Release|Any CPU
		{CD07920D-0027-479B-B5E1-F241B5F65678}.AppStore|Any CPU.ActiveCfg = Release|Any CPU
		{CD07920D-0027-479B-B5E1-F241B5F65678}.AppStore|Any CPU.Build.0 = Release|Any CPU
		{CD07920D-0027-479B-B5E1-F241B5F65678}.AppStore|iPhone.ActiveCfg = Release|Any CPU
		{CD07920D-0027-479B-B5E1-F241B5F65678}.AppStore|iPhone.Build.0 = Release|Any CPU
		{CD07920D-0027-479B-B5E1-F241B5F65678}.AppStore|iPhoneSimulator.ActiveCfg = Release|Any CPU
		{CD07920D-0027-479B-B5E1-F241B5F65678}.AppStore|iPhoneSimulator.Build.0 = Release|Any CPU
		{CD07920D-0027-479B-B5E1-F241B5F65678}.Debug|Any CPU.ActiveCfg = Debug|Any CPU
		{CD07920D-0027-479B-B5E1-F241B5F65678}.Debug|Any CPU.Build.0 = Debug|Any CPU
		{CD07920D-0027-479B-B5E1-F241B5F65678}.Debug|iPhone.ActiveCfg = Debug|Any CPU
		{CD07920D-0027-479B-B5E1-F241B5F65678}.Debug|iPhone.Build.0 = Debug|Any CPU
		{CD07920D-0027-479B-B5E1-F241B5F65678}.Debug|iPhoneSimulator.ActiveCfg = Debug|Any CPU
		{CD07920D-0027-479B-B5E1-F241B5F65678}.Debug|iPhoneSimulator.Build.0 = Debug|Any CPU
		{CD07920D-0027-479B-B5E1-F241B5F65678}.Release|Any CPU.ActiveCfg = Release|Any CPU
		{CD07920D-0027-479B-B5E1-F241B5F65678}.Release|Any CPU.Build.0 = Release|Any CPU
		{CD07920D-0027-479B-B5E1-F241B5F65678}.Release|iPhone.ActiveCfg = Release|Any CPU
		{CD07920D-0027-479B-B5E1-F241B5F65678}.Release|iPhone.Build.0 = Release|Any CPU
		{CD07920D-0027-479B-B5E1-F241B5F65678}.Release|iPhoneSimulator.ActiveCfg = Release|Any CPU
		{CD07920D-0027-479B-B5E1-F241B5F65678}.Release|iPhoneSimulator.Build.0 = Release|Any CPU
		{701BCB42-1F4B-432E-8747-AB9BF1DCABBD}.Ad-Hoc|Any CPU.ActiveCfg = Release|Any CPU
		{701BCB42-1F4B-432E-8747-AB9BF1DCABBD}.Ad-Hoc|Any CPU.Build.0 = Release|Any CPU
		{701BCB42-1F4B-432E-8747-AB9BF1DCABBD}.Ad-Hoc|iPhone.ActiveCfg = Release|Any CPU
		{701BCB42-1F4B-432E-8747-AB9BF1DCABBD}.Ad-Hoc|iPhone.Build.0 = Release|Any CPU
		{701BCB42-1F4B-432E-8747-AB9BF1DCABBD}.Ad-Hoc|iPhoneSimulator.ActiveCfg = Release|Any CPU
		{701BCB42-1F4B-432E-8747-AB9BF1DCABBD}.Ad-Hoc|iPhoneSimulator.Build.0 = Release|Any CPU
		{701BCB42-1F4B-432E-8747-AB9BF1DCABBD}.AppStore|Any CPU.ActiveCfg = Release|Any CPU
		{701BCB42-1F4B-432E-8747-AB9BF1DCABBD}.AppStore|Any CPU.Build.0 = Release|Any CPU
		{701BCB42-1F4B-432E-8747-AB9BF1DCABBD}.AppStore|iPhone.ActiveCfg = Release|Any CPU
		{701BCB42-1F4B-432E-8747-AB9BF1DCABBD}.AppStore|iPhone.Build.0 = Release|Any CPU
		{701BCB42-1F4B-432E-8747-AB9BF1DCABBD}.AppStore|iPhoneSimulator.ActiveCfg = Release|Any CPU
		{701BCB42-1F4B-432E-8747-AB9BF1DCABBD}.AppStore|iPhoneSimulator.Build.0 = Release|Any CPU
		{701BCB42-1F4B-432E-8747-AB9BF1DCABBD}.Debug|Any CPU.ActiveCfg = Debug|Any CPU
		{701BCB42-1F4B-432E-8747-AB9BF1DCABBD}.Debug|Any CPU.Build.0 = Debug|Any CPU
		{701BCB42-1F4B-432E-8747-AB9BF1DCABBD}.Debug|iPhone.ActiveCfg = Debug|Any CPU
		{701BCB42-1F4B-432E-8747-AB9BF1DCABBD}.Debug|iPhone.Build.0 = Debug|Any CPU
		{701BCB42-1F4B-432E-8747-AB9BF1DCABBD}.Debug|iPhoneSimulator.ActiveCfg = Debug|Any CPU
		{701BCB42-1F4B-432E-8747-AB9BF1DCABBD}.Debug|iPhoneSimulator.Build.0 = Debug|Any CPU
		{701BCB42-1F4B-432E-8747-AB9BF1DCABBD}.Release|Any CPU.ActiveCfg = Release|Any CPU
		{701BCB42-1F4B-432E-8747-AB9BF1DCABBD}.Release|Any CPU.Build.0 = Release|Any CPU
		{701BCB42-1F4B-432E-8747-AB9BF1DCABBD}.Release|iPhone.ActiveCfg = Release|Any CPU
		{701BCB42-1F4B-432E-8747-AB9BF1DCABBD}.Release|iPhone.Build.0 = Release|Any CPU
		{701BCB42-1F4B-432E-8747-AB9BF1DCABBD}.Release|iPhoneSimulator.ActiveCfg = Release|Any CPU
		{701BCB42-1F4B-432E-8747-AB9BF1DCABBD}.Release|iPhoneSimulator.Build.0 = Release|Any CPU
		{09BAF844-A70A-4224-A887-610A4482D000}.Ad-Hoc|Any CPU.ActiveCfg = Release|Any CPU
		{09BAF844-A70A-4224-A887-610A4482D000}.Ad-Hoc|Any CPU.Build.0 = Release|Any CPU
		{09BAF844-A70A-4224-A887-610A4482D000}.Ad-Hoc|iPhone.ActiveCfg = Release|Any CPU
		{09BAF844-A70A-4224-A887-610A4482D000}.Ad-Hoc|iPhone.Build.0 = Release|Any CPU
		{09BAF844-A70A-4224-A887-610A4482D000}.Ad-Hoc|iPhoneSimulator.ActiveCfg = Release|Any CPU
		{09BAF844-A70A-4224-A887-610A4482D000}.Ad-Hoc|iPhoneSimulator.Build.0 = Release|Any CPU
		{09BAF844-A70A-4224-A887-610A4482D000}.AppStore|Any CPU.ActiveCfg = Release|Any CPU
		{09BAF844-A70A-4224-A887-610A4482D000}.AppStore|Any CPU.Build.0 = Release|Any CPU
		{09BAF844-A70A-4224-A887-610A4482D000}.AppStore|iPhone.ActiveCfg = Release|Any CPU
		{09BAF844-A70A-4224-A887-610A4482D000}.AppStore|iPhone.Build.0 = Release|Any CPU
		{09BAF844-A70A-4224-A887-610A4482D000}.AppStore|iPhoneSimulator.ActiveCfg = Release|Any CPU
		{09BAF844-A70A-4224-A887-610A4482D000}.AppStore|iPhoneSimulator.Build.0 = Release|Any CPU
		{09BAF844-A70A-4224-A887-610A4482D000}.Debug|Any CPU.ActiveCfg = Debug|Any CPU
		{09BAF844-A70A-4224-A887-610A4482D000}.Debug|Any CPU.Build.0 = Debug|Any CPU
		{09BAF844-A70A-4224-A887-610A4482D000}.Debug|iPhone.ActiveCfg = Debug|Any CPU
		{09BAF844-A70A-4224-A887-610A4482D000}.Debug|iPhone.Build.0 = Debug|Any CPU
		{09BAF844-A70A-4224-A887-610A4482D000}.Debug|iPhoneSimulator.ActiveCfg = Debug|Any CPU
		{09BAF844-A70A-4224-A887-610A4482D000}.Debug|iPhoneSimulator.Build.0 = Debug|Any CPU
		{09BAF844-A70A-4224-A887-610A4482D000}.Release|Any CPU.ActiveCfg = Release|Any CPU
		{09BAF844-A70A-4224-A887-610A4482D000}.Release|Any CPU.Build.0 = Release|Any CPU
		{09BAF844-A70A-4224-A887-610A4482D000}.Release|iPhone.ActiveCfg = Release|Any CPU
		{09BAF844-A70A-4224-A887-610A4482D000}.Release|iPhone.Build.0 = Release|Any CPU
		{09BAF844-A70A-4224-A887-610A4482D000}.Release|iPhoneSimulator.ActiveCfg = Release|Any CPU
		{09BAF844-A70A-4224-A887-610A4482D000}.Release|iPhoneSimulator.Build.0 = Release|Any CPU
		{EA9E919A-5DF2-4466-851C-A5FC01EC6989}.Ad-Hoc|Any CPU.ActiveCfg = Ad-Hoc|iPhone
		{EA9E919A-5DF2-4466-851C-A5FC01EC6989}.Ad-Hoc|iPhone.ActiveCfg = Ad-Hoc|iPhone
		{EA9E919A-5DF2-4466-851C-A5FC01EC6989}.Ad-Hoc|iPhone.Build.0 = Ad-Hoc|iPhone
		{EA9E919A-5DF2-4466-851C-A5FC01EC6989}.Ad-Hoc|iPhoneSimulator.ActiveCfg = Ad-Hoc|iPhoneSimulator
		{EA9E919A-5DF2-4466-851C-A5FC01EC6989}.Ad-Hoc|iPhoneSimulator.Build.0 = Ad-Hoc|iPhoneSimulator
		{EA9E919A-5DF2-4466-851C-A5FC01EC6989}.AppStore|Any CPU.ActiveCfg = AppStore|iPhone
		{EA9E919A-5DF2-4466-851C-A5FC01EC6989}.AppStore|iPhone.ActiveCfg = AppStore|iPhone
		{EA9E919A-5DF2-4466-851C-A5FC01EC6989}.AppStore|iPhone.Build.0 = AppStore|iPhone
		{EA9E919A-5DF2-4466-851C-A5FC01EC6989}.AppStore|iPhoneSimulator.ActiveCfg = AppStore|iPhoneSimulator
		{EA9E919A-5DF2-4466-851C-A5FC01EC6989}.AppStore|iPhoneSimulator.Build.0 = AppStore|iPhoneSimulator
		{EA9E919A-5DF2-4466-851C-A5FC01EC6989}.Debug|Any CPU.ActiveCfg = Debug|iPhone
		{EA9E919A-5DF2-4466-851C-A5FC01EC6989}.Debug|iPhone.ActiveCfg = Debug|iPhone
		{EA9E919A-5DF2-4466-851C-A5FC01EC6989}.Debug|iPhone.Build.0 = Debug|iPhone
		{EA9E919A-5DF2-4466-851C-A5FC01EC6989}.Debug|iPhoneSimulator.ActiveCfg = Debug|iPhoneSimulator
		{EA9E919A-5DF2-4466-851C-A5FC01EC6989}.Debug|iPhoneSimulator.Build.0 = Debug|iPhoneSimulator
		{EA9E919A-5DF2-4466-851C-A5FC01EC6989}.Release|Any CPU.ActiveCfg = Release|iPhone
		{EA9E919A-5DF2-4466-851C-A5FC01EC6989}.Release|iPhone.ActiveCfg = Release|iPhone
		{EA9E919A-5DF2-4466-851C-A5FC01EC6989}.Release|iPhone.Build.0 = Release|iPhone
		{EA9E919A-5DF2-4466-851C-A5FC01EC6989}.Release|iPhoneSimulator.ActiveCfg = Release|iPhoneSimulator
		{EA9E919A-5DF2-4466-851C-A5FC01EC6989}.Release|iPhoneSimulator.Build.0 = Release|iPhoneSimulator
	EndGlobalSection
	GlobalSection(SolutionProperties) = preSolution
		HideSolutionNode = FALSE
	EndGlobalSection
EndGlobal
